// !$*UTF8*$!
{
	archiveVersion = 1;
	classes = {
	};
	objectVersion = 56;
	objects = {

/* Begin PBXBuildFile section */
		85434C9228F48445005FD6D0 /* AppDelegate.swift in Sources */ = {isa = PBXBuildFile; fileRef = 85434C9128F48445005FD6D0 /* AppDelegate.swift */; };
		85434C9428F48445005FD6D0 /* SceneDelegate.swift in Sources */ = {isa = PBXBuildFile; fileRef = 85434C9328F48445005FD6D0 /* SceneDelegate.swift */; };
		85434C9628F48445005FD6D0 /* ViewController.swift in Sources */ = {isa = PBXBuildFile; fileRef = 85434C9528F48445005FD6D0 /* ViewController.swift */; };
		85434C9B28F48448005FD6D0 /* Assets.xcassets in Resources */ = {isa = PBXBuildFile; fileRef = 85434C9A28F48448005FD6D0 /* Assets.xcassets */; };
		85434C9E28F48448005FD6D0 /* LaunchScreen.storyboard in Resources */ = {isa = PBXBuildFile; fileRef = 85434C9C28F48448005FD6D0 /* LaunchScreen.storyboard */; };
		85434CA928F48448005FD6D0 /* HorosTests.swift in Sources */ = {isa = PBXBuildFile; fileRef = 85434CA828F48448005FD6D0 /* HorosTests.swift */; };
		85434CB328F48448005FD6D0 /* HorosUITests.swift in Sources */ = {isa = PBXBuildFile; fileRef = 85434CB228F48448005FD6D0 /* HorosUITests.swift */; };
		85434CB528F48448005FD6D0 /* HorosUITestsLaunchTests.swift in Sources */ = {isa = PBXBuildFile; fileRef = 85434CB428F48448005FD6D0 /* HorosUITestsLaunchTests.swift */; };
/* End PBXBuildFile section */

/* Begin PBXContainerItemProxy section */
		85434CA528F48448005FD6D0 /* PBXContainerItemProxy */ = {
			isa = PBXContainerItemProxy;
			containerPortal = 85434C8628F48445005FD6D0 /* Project object */;
			proxyType = 1;
			remoteGlobalIDString = 85434C8D28F48445005FD6D0;
			remoteInfo = Horos;
		};
		85434CAF28F48448005FD6D0 /* PBXContainerItemProxy */ = {
			isa = PBXContainerItemProxy;
			containerPortal = 85434C8628F48445005FD6D0 /* Project object */;
			proxyType = 1;
			remoteGlobalIDString = 85434C8D28F48445005FD6D0;
			remoteInfo = Horos;
		};
/* End PBXContainerItemProxy section */

/* Begin PBXFileReference section */
		85434C8E28F48445005FD6D0 /* Horos.app */ = {isa = PBXFileReference; explicitFileType = wrapper.application; includeInIndex = 0; path = Horos.app; sourceTree = BUILT_PRODUCTS_DIR; };
		85434C9128F48445005FD6D0 /* AppDelegate.swift */ = {isa = PBXFileReference; lastKnownFileType = sourcecode.swift; path = AppDelegate.swift; sourceTree = "<group>"; };
		85434C9328F48445005FD6D0 /* SceneDelegate.swift */ = {isa = PBXFileReference; lastKnownFileType = sourcecode.swift; path = SceneDelegate.swift; sourceTree = "<group>"; };
		85434C9528F48445005FD6D0 /* ViewController.swift */ = {isa = PBXFileReference; lastKnownFileType = sourcecode.swift; path = ViewController.swift; sourceTree = "<group>"; };
		85434C9A28F48448005FD6D0 /* Assets.xcassets */ = {isa = PBXFileReference; lastKnownFileType = folder.assetcatalog; path = Assets.xcassets; sourceTree = "<group>"; };
		85434C9D28F48448005FD6D0 /* Base */ = {isa = PBXFileReference; lastKnownFileType = file.storyboard; name = Base; path = Base.lproj/LaunchScreen.storyboard; sourceTree = "<group>"; };
		85434C9F28F48448005FD6D0 /* Info.plist */ = {isa = PBXFileReference; lastKnownFileType = text.plist.xml; path = Info.plist; sourceTree = "<group>"; };
		85434CA428F48448005FD6D0 /* HorosTests.xctest */ = {isa = PBXFileReference; explicitFileType = wrapper.cfbundle; includeInIndex = 0; path = HorosTests.xctest; sourceTree = BUILT_PRODUCTS_DIR; };
		85434CA828F48448005FD6D0 /* HorosTests.swift */ = {isa = PBXFileReference; lastKnownFileType = sourcecode.swift; path = HorosTests.swift; sourceTree = "<group>"; };
		85434CAE28F48448005FD6D0 /* HorosUITests.xctest */ = {isa = PBXFileReference; explicitFileType = wrapper.cfbundle; includeInIndex = 0; path = HorosUITests.xctest; sourceTree = BUILT_PRODUCTS_DIR; };
		85434CB228F48448005FD6D0 /* HorosUITests.swift */ = {isa = PBXFileReference; lastKnownFileType = sourcecode.swift; path = HorosUITests.swift; sourceTree = "<group>"; };
		85434CB428F48448005FD6D0 /* HorosUITestsLaunchTests.swift */ = {isa = PBXFileReference; lastKnownFileType = sourcecode.swift; path = HorosUITestsLaunchTests.swift; sourceTree = "<group>"; };
/* End PBXFileReference section */

/* Begin PBXFrameworksBuildPhase section */
		85434C8B28F48445005FD6D0 /* Frameworks */ = {
			isa = PBXFrameworksBuildPhase;
			buildActionMask = 2147483647;
			files = (
			);
			runOnlyForDeploymentPostprocessing = 0;
		};
		85434CA128F48448005FD6D0 /* Frameworks */ = {
			isa = PBXFrameworksBuildPhase;
			buildActionMask = 2147483647;
			files = (
			);
			runOnlyForDeploymentPostprocessing = 0;
		};
		85434CAB28F48448005FD6D0 /* Frameworks */ = {
			isa = PBXFrameworksBuildPhase;
			buildActionMask = 2147483647;
			files = (
			);
			runOnlyForDeploymentPostprocessing = 0;
		};
/* End PBXFrameworksBuildPhase section */

/* Begin PBXGroup section */
		85434C8528F48445005FD6D0 = {
			isa = PBXGroup;
			children = (
				85434C9028F48445005FD6D0 /* Horos */,
				85434CA728F48448005FD6D0 /* HorosTests */,
				85434CB128F48448005FD6D0 /* HorosUITests */,
				85434C8F28F48445005FD6D0 /* Products */,
			);
			sourceTree = "<group>";
		};
		85434C8F28F48445005FD6D0 /* Products */ = {
			isa = PBXGroup;
			children = (
				85434C8E28F48445005FD6D0 /* Horos.app */,
				85434CA428F48448005FD6D0 /* HorosTests.xctest */,
				85434CAE28F48448005FD6D0 /* HorosUITests.xctest */,
			);
			name = Products;
			sourceTree = "<group>";
		};
		85434C9028F48445005FD6D0 /* Horos */ = {
			isa = PBXGroup;
			children = (
				85434C9128F48445005FD6D0 /* AppDelegate.swift */,
				85434C9328F48445005FD6D0 /* SceneDelegate.swift */,
				85434C9528F48445005FD6D0 /* ViewController.swift */,
				85434C9A28F48448005FD6D0 /* Assets.xcassets */,
				85434C9C28F48448005FD6D0 /* LaunchScreen.storyboard */,
				85434C9F28F48448005FD6D0 /* Info.plist */,
			);
			path = Horos;
			sourceTree = "<group>";
		};
		85434CA728F48448005FD6D0 /* HorosTests */ = {
			isa = PBXGroup;
			children = (
				85434CA828F48448005FD6D0 /* HorosTests.swift */,
			);
			path = HorosTests;
			sourceTree = "<group>";
		};
		85434CB128F48448005FD6D0 /* HorosUITests */ = {
			isa = PBXGroup;
			children = (
				85434CB228F48448005FD6D0 /* HorosUITests.swift */,
				85434CB428F48448005FD6D0 /* HorosUITestsLaunchTests.swift */,
			);
			path = HorosUITests;
			sourceTree = "<group>";
		};
/* End PBXGroup section */

/* Begin PBXNativeTarget section */
		85434C8D28F48445005FD6D0 /* Horos */ = {
			isa = PBXNativeTarget;
			buildConfigurationList = 85434CB828F48448005FD6D0 /* Build configuration list for PBXNativeTarget "Horos" */;
			buildPhases = (
				85434C8A28F48445005FD6D0 /* Sources */,
				85434C8B28F48445005FD6D0 /* Frameworks */,
				85434C8C28F48445005FD6D0 /* Resources */,
			);
			buildRules = (
			);
			dependencies = (
			);
			name = Horos;
			productName = Horos;
			productReference = 85434C8E28F48445005FD6D0 /* Horos.app */;
			productType = "com.apple.product-type.application";
		};
		85434CA328F48448005FD6D0 /* HorosTests */ = {
			isa = PBXNativeTarget;
			buildConfigurationList = 85434CBB28F48448005FD6D0 /* Build configuration list for PBXNativeTarget "HorosTests" */;
			buildPhases = (
				85434CA028F48448005FD6D0 /* Sources */,
				85434CA128F48448005FD6D0 /* Frameworks */,
				85434CA228F48448005FD6D0 /* Resources */,
			);
			buildRules = (
			);
			dependencies = (
				85434CA628F48448005FD6D0 /* PBXTargetDependency */,
			);
			name = HorosTests;
			productName = HorosTests;
			productReference = 85434CA428F48448005FD6D0 /* HorosTests.xctest */;
			productType = "com.apple.product-type.bundle.unit-test";
		};
		85434CAD28F48448005FD6D0 /* HorosUITests */ = {
			isa = PBXNativeTarget;
			buildConfigurationList = 85434CBE28F48448005FD6D0 /* Build configuration list for PBXNativeTarget "HorosUITests" */;
			buildPhases = (
				85434CAA28F48448005FD6D0 /* Sources */,
				85434CAB28F48448005FD6D0 /* Frameworks */,
				85434CAC28F48448005FD6D0 /* Resources */,
			);
			buildRules = (
			);
			dependencies = (
				85434CB028F48448005FD6D0 /* PBXTargetDependency */,
			);
			name = HorosUITests;
			productName = HorosUITests;
			productReference = 85434CAE28F48448005FD6D0 /* HorosUITests.xctest */;
			productType = "com.apple.product-type.bundle.ui-testing";
		};
/* End PBXNativeTarget section */

/* Begin PBXProject section */
		85434C8628F48445005FD6D0 /* Project object */ = {
			isa = PBXProject;
			attributes = {
				BuildIndependentTargetsInParallel = 1;
				LastSwiftUpdateCheck = 1400;
				LastUpgradeCheck = 1400;
				TargetAttributes = {
					85434C8D28F48445005FD6D0 = {
						CreatedOnToolsVersion = 14.0.1;
					};
					85434CA328F48448005FD6D0 = {
						CreatedOnToolsVersion = 14.0.1;
						TestTargetID = 85434C8D28F48445005FD6D0;
					};
					85434CAD28F48448005FD6D0 = {
						CreatedOnToolsVersion = 14.0.1;
						TestTargetID = 85434C8D28F48445005FD6D0;
					};
				};
			};
			buildConfigurationList = 85434C8928F48445005FD6D0 /* Build configuration list for PBXProject "Horos" */;
			compatibilityVersion = "Xcode 14.0";
			developmentRegion = en;
			hasScannedForEncodings = 0;
			knownRegions = (
				en,
				Base,
			);
			mainGroup = 85434C8528F48445005FD6D0;
			productRefGroup = 85434C8F28F48445005FD6D0 /* Products */;
			projectDirPath = "";
			projectRoot = "";
			targets = (
				85434C8D28F48445005FD6D0 /* Horos */,
				85434CA328F48448005FD6D0 /* HorosTests */,
				85434CAD28F48448005FD6D0 /* HorosUITests */,
			);
		};
/* End PBXProject section */

/* Begin PBXResourcesBuildPhase section */
		85434C8C28F48445005FD6D0 /* Resources */ = {
			isa = PBXResourcesBuildPhase;
			buildActionMask = 2147483647;
			files = (
				85434C9E28F48448005FD6D0 /* LaunchScreen.storyboard in Resources */,
				85434C9B28F48448005FD6D0 /* Assets.xcassets in Resources */,
			);
			runOnlyForDeploymentPostprocessing = 0;
		};
		85434CA228F48448005FD6D0 /* Resources */ = {
			isa = PBXResourcesBuildPhase;
			buildActionMask = 2147483647;
			files = (
			);
			runOnlyForDeploymentPostprocessing = 0;
		};
		85434CAC28F48448005FD6D0 /* Resources */ = {
			isa = PBXResourcesBuildPhase;
			buildActionMask = 2147483647;
			files = (
			);
			runOnlyForDeploymentPostprocessing = 0;
		};
/* End PBXResourcesBuildPhase section */

/* Begin PBXSourcesBuildPhase section */
		85434C8A28F48445005FD6D0 /* Sources */ = {
			isa = PBXSourcesBuildPhase;
			buildActionMask = 2147483647;
			files = (
				85434C9628F48445005FD6D0 /* ViewController.swift in Sources */,
				85434C9228F48445005FD6D0 /* AppDelegate.swift in Sources */,
				85434C9428F48445005FD6D0 /* SceneDelegate.swift in Sources */,
			);
			runOnlyForDeploymentPostprocessing = 0;
		};
		85434CA028F48448005FD6D0 /* Sources */ = {
			isa = PBXSourcesBuildPhase;
			buildActionMask = 2147483647;
			files = (
				85434CA928F48448005FD6D0 /* HorosTests.swift in Sources */,
			);
			runOnlyForDeploymentPostprocessing = 0;
		};
		85434CAA28F48448005FD6D0 /* Sources */ = {
			isa = PBXSourcesBuildPhase;
			buildActionMask = 2147483647;
			files = (
				85434CB528F48448005FD6D0 /* HorosUITestsLaunchTests.swift in Sources */,
				85434CB328F48448005FD6D0 /* HorosUITests.swift in Sources */,
			);
			runOnlyForDeploymentPostprocessing = 0;
		};
/* End PBXSourcesBuildPhase section */

/* Begin PBXTargetDependency section */
		85434CA628F48448005FD6D0 /* PBXTargetDependency */ = {
			isa = PBXTargetDependency;
			target = 85434C8D28F48445005FD6D0 /* Horos */;
			targetProxy = 85434CA528F48448005FD6D0 /* PBXContainerItemProxy */;
		};
		85434CB028F48448005FD6D0 /* PBXTargetDependency */ = {
			isa = PBXTargetDependency;
			target = 85434C8D28F48445005FD6D0 /* Horos */;
			targetProxy = 85434CAF28F48448005FD6D0 /* PBXContainerItemProxy */;
		};
/* End PBXTargetDependency section */

/* Begin PBXVariantGroup section */
		85434C9C28F48448005FD6D0 /* LaunchScreen.storyboard */ = {
			isa = PBXVariantGroup;
			children = (
				85434C9D28F48448005FD6D0 /* Base */,
			);
			name = LaunchScreen.storyboard;
			sourceTree = "<group>";
		};
/* End PBXVariantGroup section */

/* Begin XCBuildConfiguration section */
		85434CB628F48448005FD6D0 /* Debug */ = {
			isa = XCBuildConfiguration;
			buildSettings = {
				ALWAYS_SEARCH_USER_PATHS = NO;
				CLANG_ANALYZER_NONNULL = YES;
				CLANG_ANALYZER_NUMBER_OBJECT_CONVERSION = YES_AGGRESSIVE;
				CLANG_CXX_LANGUAGE_STANDARD = "gnu++20";
				CLANG_ENABLE_MODULES = YES;
				CLANG_ENABLE_OBJC_ARC = YES;
				CLANG_ENABLE_OBJC_WEAK = YES;
				CLANG_WARN_BLOCK_CAPTURE_AUTORELEASING = YES;
				CLANG_WARN_BOOL_CONVERSION = YES;
				CLANG_WARN_COMMA = YES;
				CLANG_WARN_CONSTANT_CONVERSION = YES;
				CLANG_WARN_DEPRECATED_OBJC_IMPLEMENTATIONS = YES;
				CLANG_WARN_DIRECT_OBJC_ISA_USAGE = YES_ERROR;
				CLANG_WARN_DOCUMENTATION_COMMENTS = YES;
				CLANG_WARN_EMPTY_BODY = YES;
				CLANG_WARN_ENUM_CONVERSION = YES;
				CLANG_WARN_INFINITE_RECURSION = YES;
				CLANG_WARN_INT_CONVERSION = YES;
				CLANG_WARN_NON_LITERAL_NULL_CONVERSION = YES;
				CLANG_WARN_OBJC_IMPLICIT_RETAIN_SELF = YES;
				CLANG_WARN_OBJC_LITERAL_CONVERSION = YES;
				CLANG_WARN_OBJC_ROOT_CLASS = YES_ERROR;
				CLANG_WARN_QUOTED_INCLUDE_IN_FRAMEWORK_HEADER = YES;
				CLANG_WARN_RANGE_LOOP_ANALYSIS = YES;
				CLANG_WARN_STRICT_PROTOTYPES = YES;
				CLANG_WARN_SUSPICIOUS_MOVE = YES;
				CLANG_WARN_UNGUARDED_AVAILABILITY = YES_AGGRESSIVE;
				CLANG_WARN_UNREACHABLE_CODE = YES;
				CLANG_WARN__DUPLICATE_METHOD_MATCH = YES;
				COPY_PHASE_STRIP = NO;
				DEBUG_INFORMATION_FORMAT = dwarf;
				ENABLE_STRICT_OBJC_MSGSEND = YES;
				ENABLE_TESTABILITY = YES;
				GCC_C_LANGUAGE_STANDARD = gnu11;
				GCC_DYNAMIC_NO_PIC = NO;
				GCC_NO_COMMON_BLOCKS = YES;
				GCC_OPTIMIZATION_LEVEL = 0;
				GCC_PREPROCESSOR_DEFINITIONS = (
					"DEBUG=1",
					"$(inherited)",
				);
				GCC_WARN_64_TO_32_BIT_CONVERSION = YES;
				GCC_WARN_ABOUT_RETURN_TYPE = YES_ERROR;
				GCC_WARN_UNDECLARED_SELECTOR = YES;
				GCC_WARN_UNINITIALIZED_AUTOS = YES_AGGRESSIVE;
				GCC_WARN_UNUSED_FUNCTION = YES;
				GCC_WARN_UNUSED_VARIABLE = YES;
				IPHONEOS_DEPLOYMENT_TARGET = 16.0;
				MTL_ENABLE_DEBUG_INFO = INCLUDE_SOURCE;
				MTL_FAST_MATH = YES;
				ONLY_ACTIVE_ARCH = YES;
				SDKROOT = iphoneos;
				SWIFT_ACTIVE_COMPILATION_CONDITIONS = DEBUG;
				SWIFT_OPTIMIZATION_LEVEL = "-Onone";
			};
			name = Debug;
		};
		85434CB728F48448005FD6D0 /* Release */ = {
			isa = XCBuildConfiguration;
			buildSettings = {
				ALWAYS_SEARCH_USER_PATHS = NO;
				CLANG_ANALYZER_NONNULL = YES;
				CLANG_ANALYZER_NUMBER_OBJECT_CONVERSION = YES_AGGRESSIVE;
				CLANG_CXX_LANGUAGE_STANDARD = "gnu++20";
				CLANG_ENABLE_MODULES = YES;
				CLANG_ENABLE_OBJC_ARC = YES;
				CLANG_ENABLE_OBJC_WEAK = YES;
				CLANG_WARN_BLOCK_CAPTURE_AUTORELEASING = YES;
				CLANG_WARN_BOOL_CONVERSION = YES;
				CLANG_WARN_COMMA = YES;
				CLANG_WARN_CONSTANT_CONVERSION = YES;
				CLANG_WARN_DEPRECATED_OBJC_IMPLEMENTATIONS = YES;
				CLANG_WARN_DIRECT_OBJC_ISA_USAGE = YES_ERROR;
				CLANG_WARN_DOCUMENTATION_COMMENTS = YES;
				CLANG_WARN_EMPTY_BODY = YES;
				CLANG_WARN_ENUM_CONVERSION = YES;
				CLANG_WARN_INFINITE_RECURSION = YES;
				CLANG_WARN_INT_CONVERSION = YES;
				CLANG_WARN_NON_LITERAL_NULL_CONVERSION = YES;
				CLANG_WARN_OBJC_IMPLICIT_RETAIN_SELF = YES;
				CLANG_WARN_OBJC_LITERAL_CONVERSION = YES;
				CLANG_WARN_OBJC_ROOT_CLASS = YES_ERROR;
				CLANG_WARN_QUOTED_INCLUDE_IN_FRAMEWORK_HEADER = YES;
				CLANG_WARN_RANGE_LOOP_ANALYSIS = YES;
				CLANG_WARN_STRICT_PROTOTYPES = YES;
				CLANG_WARN_SUSPICIOUS_MOVE = YES;
				CLANG_WARN_UNGUARDED_AVAILABILITY = YES_AGGRESSIVE;
				CLANG_WARN_UNREACHABLE_CODE = YES;
				CLANG_WARN__DUPLICATE_METHOD_MATCH = YES;
				COPY_PHASE_STRIP = NO;
				DEBUG_INFORMATION_FORMAT = "dwarf-with-dsym";
				ENABLE_NS_ASSERTIONS = NO;
				ENABLE_STRICT_OBJC_MSGSEND = YES;
				GCC_C_LANGUAGE_STANDARD = gnu11;
				GCC_NO_COMMON_BLOCKS = YES;
				GCC_WARN_64_TO_32_BIT_CONVERSION = YES;
				GCC_WARN_ABOUT_RETURN_TYPE = YES_ERROR;
				GCC_WARN_UNDECLARED_SELECTOR = YES;
				GCC_WARN_UNINITIALIZED_AUTOS = YES_AGGRESSIVE;
				GCC_WARN_UNUSED_FUNCTION = YES;
				GCC_WARN_UNUSED_VARIABLE = YES;
				IPHONEOS_DEPLOYMENT_TARGET = 16.0;
				MTL_ENABLE_DEBUG_INFO = NO;
				MTL_FAST_MATH = YES;
				SDKROOT = iphoneos;
				SWIFT_COMPILATION_MODE = wholemodule;
				SWIFT_OPTIMIZATION_LEVEL = "-O";
				VALIDATE_PRODUCT = YES;
			};
			name = Release;
		};
		85434CB928F48448005FD6D0 /* Debug */ = {
			isa = XCBuildConfiguration;
			buildSettings = {
				ASSETCATALOG_COMPILER_APPICON_NAME = AppIcon;
				ASSETCATALOG_COMPILER_GLOBAL_ACCENT_COLOR_NAME = AccentColor;
				CODE_SIGN_STYLE = Automatic;
				CURRENT_PROJECT_VERSION = 1;
				DEVELOPMENT_TEAM = F2MBMJ3PK6;
				GENERATE_INFOPLIST_FILE = YES;
				INFOPLIST_FILE = Horos/Info.plist;
				INFOPLIST_KEY_UIApplicationSupportsIndirectInputEvents = YES;
				INFOPLIST_KEY_UILaunchStoryboardName = LaunchScreen;
				INFOPLIST_KEY_UISupportedInterfaceOrientations_iPad = "UIInterfaceOrientationPortrait UIInterfaceOrientationPortraitUpsideDown UIInterfaceOrientationLandscapeLeft UIInterfaceOrientationLandscapeRight";
				INFOPLIST_KEY_UISupportedInterfaceOrientations_iPhone = "UIInterfaceOrientationPortrait UIInterfaceOrientationLandscapeLeft UIInterfaceOrientationLandscapeRight";
				IPHONEOS_DEPLOYMENT_TARGET = 13.0;
				LD_RUNPATH_SEARCH_PATHS = (
					"$(inherited)",
					"@executable_path/Frameworks",
				);
				MARKETING_VERSION = 1.0;
				PRODUCT_BUNDLE_IDENTIFIER = com.joan.wilson.Horos;
				PRODUCT_NAME = "$(TARGET_NAME)";
				SWIFT_EMIT_LOC_STRINGS = YES;
				SWIFT_VERSION = 5.0;
				TARGETED_DEVICE_FAMILY = "1,2";
			};
			name = Debug;
		};
		85434CBA28F48448005FD6D0 /* Release */ = {
			isa = XCBuildConfiguration;
			buildSettings = {
				ASSETCATALOG_COMPILER_APPICON_NAME = AppIcon;
				ASSETCATALOG_COMPILER_GLOBAL_ACCENT_COLOR_NAME = AccentColor;
				CODE_SIGN_STYLE = Automatic;
				CURRENT_PROJECT_VERSION = 1;
				DEVELOPMENT_TEAM = F2MBMJ3PK6;
				GENERATE_INFOPLIST_FILE = YES;
				INFOPLIST_FILE = Horos/Info.plist;
				INFOPLIST_KEY_UIApplicationSupportsIndirectInputEvents = YES;
				INFOPLIST_KEY_UILaunchStoryboardName = LaunchScreen;
				INFOPLIST_KEY_UISupportedInterfaceOrientations_iPad = "UIInterfaceOrientationPortrait UIInterfaceOrientationPortraitUpsideDown UIInterfaceOrientationLandscapeLeft UIInterfaceOrientationLandscapeRight";
				INFOPLIST_KEY_UISupportedInterfaceOrientations_iPhone = "UIInterfaceOrientationPortrait UIInterfaceOrientationLandscapeLeft UIInterfaceOrientationLandscapeRight";
				IPHONEOS_DEPLOYMENT_TARGET = 13.0;
				LD_RUNPATH_SEARCH_PATHS = (
					"$(inherited)",
					"@executable_path/Frameworks",
				);
				MARKETING_VERSION = 1.0;
				PRODUCT_BUNDLE_IDENTIFIER = com.joan.wilson.Horos;
				PRODUCT_NAME = "$(TARGET_NAME)";
				SWIFT_EMIT_LOC_STRINGS = YES;
				SWIFT_VERSION = 5.0;
				TARGETED_DEVICE_FAMILY = "1,2";
			};
			name = Release;
		};
		85434CBC28F48448005FD6D0 /* Debug */ = {
			isa = XCBuildConfiguration;
			buildSettings = {
				ALWAYS_EMBED_SWIFT_STANDARD_LIBRARIES = YES;
				BUNDLE_LOADER = "$(TEST_HOST)";
				CODE_SIGN_STYLE = Automatic;
				CURRENT_PROJECT_VERSION = 1;
				DEVELOPMENT_TEAM = F2MBMJ3PK6;
				GENERATE_INFOPLIST_FILE = YES;
				IPHONEOS_DEPLOYMENT_TARGET = 16.0;
				MARKETING_VERSION = 1.0;
				PRODUCT_BUNDLE_IDENTIFIER = com.joan.wilson.HorosTests;
				PRODUCT_NAME = "$(TARGET_NAME)";
				SWIFT_EMIT_LOC_STRINGS = NO;
				SWIFT_VERSION = 5.0;
				TARGETED_DEVICE_FAMILY = "1,2";
				TEST_HOST = "$(BUILT_PRODUCTS_DIR)/Horos.app/$(BUNDLE_EXECUTABLE_FOLDER_PATH)/Horos";
			};
			name = Debug;
		};
		85434CBD28F48448005FD6D0 /* Release */ = {
			isa = XCBuildConfiguration;
			buildSettings = {
				ALWAYS_EMBED_SWIFT_STANDARD_LIBRARIES = YES;
				BUNDLE_LOADER = "$(TEST_HOST)";
				CODE_SIGN_STYLE = Automatic;
				CURRENT_PROJECT_VERSION = 1;
				DEVELOPMENT_TEAM = F2MBMJ3PK6;
				GENERATE_INFOPLIST_FILE = YES;
				IPHONEOS_DEPLOYMENT_TARGET = 16.0;
				MARKETING_VERSION = 1.0;
				PRODUCT_BUNDLE_IDENTIFIER = com.joan.wilson.HorosTests;
				PRODUCT_NAME = "$(TARGET_NAME)";
				SWIFT_EMIT_LOC_STRINGS = NO;
				SWIFT_VERSION = 5.0;
				TARGETED_DEVICE_FAMILY = "1,2";
				TEST_HOST = "$(BUILT_PRODUCTS_DIR)/Horos.app/$(BUNDLE_EXECUTABLE_FOLDER_PATH)/Horos";
			};
			name = Release;
		};
		85434CBF28F48448005FD6D0 /* Debug */ = {
			isa = XCBuildConfiguration;
			buildSettings = {
				ALWAYS_EMBED_SWIFT_STANDARD_LIBRARIES = YES;
				CODE_SIGN_STYLE = Automatic;
				CURRENT_PROJECT_VERSION = 1;
				DEVELOPMENT_TEAM = F2MBMJ3PK6;
				GENERATE_INFOPLIST_FILE = YES;
				MARKETING_VERSION = 1.0;
				PRODUCT_BUNDLE_IDENTIFIER = com.joan.wilson.HorosUITests;
				PRODUCT_NAME = "$(TARGET_NAME)";
				SWIFT_EMIT_LOC_STRINGS = NO;
				SWIFT_VERSION = 5.0;
				TARGETED_DEVICE_FAMILY = "1,2";
				TEST_TARGET_NAME = Horos;
			};
			name = Debug;
		};
		85434CC028F48448005FD6D0 /* Release */ = {
			isa = XCBuildConfiguration;
			buildSettings = {
				ALWAYS_EMBED_SWIFT_STANDARD_LIBRARIES = YES;
				CODE_SIGN_STYLE = Automatic;
				CURRENT_PROJECT_VERSION = 1;
				DEVELOPMENT_TEAM = F2MBMJ3PK6;
				GENERATE_INFOPLIST_FILE = YES;
				MARKETING_VERSION = 1.0;
				PRODUCT_BUNDLE_IDENTIFIER = com.joan.wilson.HorosUITests;
				PRODUCT_NAME = "$(TARGET_NAME)";
				SWIFT_EMIT_LOC_STRINGS = NO;
				SWIFT_VERSION = 5.0;
				TARGETED_DEVICE_FAMILY = "1,2";
				TEST_TARGET_NAME = Horos;
			};
			name = Release;
		};
/* End XCBuildConfiguration section */

/* Begin XCConfigurationList section */
		85434C8928F48445005FD6D0 /* Build configuration list for PBXProject "Horos" */ = {
			isa = XCConfigurationList;
			buildConfigurations = (
				85434CB628F48448005FD6D0 /* Debug */,
				85434CB728F48448005FD6D0 /* Release */,
			);
			defaultConfigurationIsVisible = 0;
			defaultConfigurationName = Release;
		};
		85434CB828F48448005FD6D0 /* Build configuration list for PBXNativeTarget "Horos" */ = {
			isa = XCConfigurationList;
			buildConfigurations = (
				85434CB928F48448005FD6D0 /* Debug */,
				85434CBA28F48448005FD6D0 /* Release */,
			);
			defaultConfigurationIsVisible = 0;
			defaultConfigurationName = Release;
		};
		85434CBB28F48448005FD6D0 /* Build configuration list for PBXNativeTarget "HorosTests" */ = {
			isa = XCConfigurationList;
			buildConfigurations = (
				85434CBC28F48448005FD6D0 /* Debug */,
				85434CBD28F48448005FD6D0 /* Release */,
			);
			defaultConfigurationIsVisible = 0;
			defaultConfigurationName = Release;
		};
		85434CBE28F48448005FD6D0 /* Build configuration list for PBXNativeTarget "HorosUITests" */ = {
			isa = XCConfigurationList;
			buildConfigurations = (
				85434CBF28F48448005FD6D0 /* Debug */,
				85434CC028F48448005FD6D0 /* Release */,
			);
			defaultConfigurationIsVisible = 0;
			defaultConfigurationName = Release;
		};
/* End XCConfigurationList section */
	};
	rootObject = 85434C8628F48445005FD6D0 /* Project object */;
}
